
Microsoft Visual Studio Solution File, Format Version 12.00
# Visual Studio Version 16
VisualStudioVersion = 16.0.31424.327
MinimumVisualStudioVersion = 10.0.40219.1
Project("{9A19103F-16F7-4668-BE54-9A1E7A4F7556}") = "TimerRenkDegistirenPanel", "TimerRenkDegistirenPanel.csproj", "{5BC2FDEE-9A66-4776-A683-25E2E5C3ED53}"
EndProject
Global
	GlobalSection(SolutionConfigurationPlatforms) = preSolution
		Debug|Any CPU = Debug|Any CPU
		Release|Any CPU = Release|Any CPU
	EndGlobalSection
	GlobalSection(ProjectConfigurationPlatforms) = postSolution
		{5BC2FDEE-9A66-4776-A683-25E2E5C3ED53}.Debug|Any CPU.ActiveCfg = Debug|Any CPU
		{5BC2FDEE-9A66-4776-A683-25E2E5C3ED53}.Debug|Any CPU.Build.0 = Debug|Any CPU
		{5BC2FDEE-9A66-4776-A683-25E2E5C3ED53}.Release|Any CPU.ActiveCfg = Release|Any CPU
		{5BC2FDEE-9A66-4776-A683-25E2E5C3ED53}.Release|Any CPU.Build.0 = Release|Any CPU
	EndGlobalSection
	GlobalSection(SolutionProperties) = preSolution
		HideSolutionNode = FALSE
	EndGlobalSection
	GlobalSection(ExtensibilityGlobals) = postSolution
		SolutionGuid = {A5BA90E6-3945-4C60-A45B-7322E7B8384B}
	EndGlobalSection
EndGlobal
